{
  "requires": true,
  "lockfileVersion": 1,
  "dependencies": {
    "lodash": {
      "version": "4.17.20",
      "resolved": "https://registry.npmjs.org/lodash/-/lodash-4.17.20.tgz",
      "integrity": "sha512-PlhdFcillOINfeV7Ni6oF1TAEayyZBoZ8bcshTHqOYJYlrqzRK5hagpagky5o4HfCzzd1TRkXPMFq6cKk9rGmA=="
    },
    "path-browserify": {
      "version": "1.0.1",
      "resolved": "https://registry.npmjs.org/path-browserify/-/path-browserify-1.0.1.tgz",
      "integrity": "sha512-b7uo2UCUOYZcnF/3ID0lulOJi/bafxa1xPe7ZPsammBSpjSWQkjNxlt635YGS2MiR9GjvuXCtz2emr3jbsz98g=="
    },
    "ra-data-firebase-client": {
      "version": "3.0.0",
      "resolved": "https://registry.npmjs.org/ra-data-firebase-client/-/ra-data-firebase-client-3.0.0.tgz",
      "integrity": "sha512-KznL6SJ+NtwCxCOOqCsGYXGam7QocWwlSV39h9yspTDVWy3ygYklOl1VRagIlPAdisu7ZqjLzuPjFUZ+6aMLrQ=="
    },
    "react-admin-firebase": {
      "version": "3.2.11",
      "resolved": "https://registry.npmjs.org/react-admin-firebase/-/react-admin-firebase-3.2.11.tgz",
      "integrity": "sha512-V+90by65Fe62NlI+47UhH2hFcmmbx91FeinoofqSP05oewUzk1qqp1NcMWHtUwzZFyqmIQcj5N9pwoFN2Q4aPw==",
      "requires": {
        "lodash": "4.x",
        "path-browserify": "^1.0.0",
        "rxjs": "^6.5.x"
      }
    },
    "rxjs": {
      "version": "6.6.3",
      "resolved": "https://registry.npmjs.org/rxjs/-/rxjs-6.6.3.tgz",
      "integrity": "sha512-trsQc+xYYXZ3urjOiJOuCOa5N3jAZ3eiSpQB5hIT8zGlL2QfnHLJ2r7GMkBGuIausdJN1OneaI6gQlsqNHHmZQ==",
      "requires": {
        "tslib": "^1.9.0"
      }
    },
    "tslib": {
      "version": "1.14.1",
      "resolved": "https://registry.npmjs.org/tslib/-/tslib-1.14.1.tgz",
      "integrity": "sha512-Xni35NKzjgMrwevysHTCArtLDpPvye8zV/0E4EyYn43P7/7qvQwPh9BGkHewbMulVntbigmcT7rdX3BNo9wRJg=="
    }
  }
}
